// !$*UTF8*$!
{
	archiveVersion = 1;
	classes = {
	};
	objectVersion = 50;
	objects = {

/* Begin PBXBuildFile section */
		B006AF64DAB64A8CEF35742B /* Pods_Dota2Teams.framework in Frameworks */ = {isa = PBXBuildFile; fileRef = 15E39DA1AB475ECB7E0C9B07 /* Pods_Dota2Teams.framework */; };
		E93771112237F8520086D990 /* LoadingViewControllerFactory.swift in Sources */ = {isa = PBXBuildFile; fileRef = E93771102237F8520086D990 /* LoadingViewControllerFactory.swift */; };
		E93771132237FB700086D990 /* ViewControllerFactory.swift in Sources */ = {isa = PBXBuildFile; fileRef = E93771122237FB700086D990 /* ViewControllerFactory.swift */; };
		E93771162237FFF40086D990 /* LoggingService.swift in Sources */ = {isa = PBXBuildFile; fileRef = E93771152237FFF40086D990 /* LoggingService.swift */; };
		E93771182238002B0086D990 /* ConsoleLoggingService.swift in Sources */ = {isa = PBXBuildFile; fileRef = E93771172238002B0086D990 /* ConsoleLoggingService.swift */; };
		E9464D3F22382C7B00A3F595 /* Players.storyboard in Resources */ = {isa = PBXBuildFile; fileRef = E9464D3E22382C7B00A3F595 /* Players.storyboard */; };
		E9464D4122382C9700A3F595 /* PlayersViewController.swift in Sources */ = {isa = PBXBuildFile; fileRef = E9464D4022382C9700A3F595 /* PlayersViewController.swift */; };
		E9464D4322382D3300A3F595 /* PlayersViewControllerFactory.swift in Sources */ = {isa = PBXBuildFile; fileRef = E9464D4222382D3300A3F595 /* PlayersViewControllerFactory.swift */; };
		E9464D4622382E2100A3F595 /* URL.swift in Sources */ = {isa = PBXBuildFile; fileRef = E9464D4522382E2100A3F595 /* URL.swift */; };
		E9464D4822382E8E00A3F595 /* Player.swift in Sources */ = {isa = PBXBuildFile; fileRef = E9464D4722382E8E00A3F595 /* Player.swift */; };
		E9464D4A22382EF200A3F595 /* Player+Coding.swift in Sources */ = {isa = PBXBuildFile; fileRef = E9464D4922382EF200A3F595 /* Player+Coding.swift */; };
		E9464D4D22382F8800A3F595 /* PlayerWebService.swift in Sources */ = {isa = PBXBuildFile; fileRef = E9464D4C22382F8800A3F595 /* PlayerWebService.swift */; };
		E9464D4F2238302B00A3F595 /* PlayerService.swift in Sources */ = {isa = PBXBuildFile; fileRef = E9464D4E2238302B00A3F595 /* PlayerService.swift */; };
		E957A002223B19730014EAC7 /* TeamPresenter.swift in Sources */ = {isa = PBXBuildFile; fileRef = E957A001223B19730014EAC7 /* TeamPresenter.swift */; };
		E981D0EC2235429E004F74F6 /* AppDelegate.swift in Sources */ = {isa = PBXBuildFile; fileRef = E981D0EB2235429E004F74F6 /* AppDelegate.swift */; };
		E981D0F3223542A1004F74F6 /* App.xcassets in Resources */ = {isa = PBXBuildFile; fileRef = E981D0F2223542A1004F74F6 /* App.xcassets */; };
		E981D0F6223542A1004F74F6 /* LaunchScreen.storyboard in Resources */ = {isa = PBXBuildFile; fileRef = E981D0F4223542A1004F74F6 /* LaunchScreen.storyboard */; };
		E9AB8331223D0F9F00953939 /* PlayerTableViewCell.swift in Sources */ = {isa = PBXBuildFile; fileRef = E9AB832F223D0F9F00953939 /* PlayerTableViewCell.swift */; };
		E9AB8332223D0F9F00953939 /* PlayerTableViewCell.xib in Resources */ = {isa = PBXBuildFile; fileRef = E9AB8330223D0F9F00953939 /* PlayerTableViewCell.xib */; };
		E9B9683E2235438000CFCBDC /* StoryboardViewControllerFactory.swift in Sources */ = {isa = PBXBuildFile; fileRef = E9B9683D2235438000CFCBDC /* StoryboardViewControllerFactory.swift */; };
		E9B96842223543EB00CFCBDC /* TeamsViewController.swift in Sources */ = {isa = PBXBuildFile; fileRef = E9B96841223543EB00CFCBDC /* TeamsViewController.swift */; };
		E9B968472235444C00CFCBDC /* Teams.storyboard in Resources */ = {isa = PBXBuildFile; fileRef = E9B968462235444C00CFCBDC /* Teams.storyboard */; };
		E9B968492235449500CFCBDC /* TeamsViewControllerFactory.swift in Sources */ = {isa = PBXBuildFile; fileRef = E9B968482235449500CFCBDC /* TeamsViewControllerFactory.swift */; };
		E9B9684C2235459200CFCBDC /* MainNavigationController.swift in Sources */ = {isa = PBXBuildFile; fileRef = E9B9684B2235459200CFCBDC /* MainNavigationController.swift */; };
		E9B9684E223545AA00CFCBDC /* Main.storyboard in Resources */ = {isa = PBXBuildFile; fileRef = E9B9684D223545AA00CFCBDC /* Main.storyboard */; };
		E9B968502235462200CFCBDC /* MainNavigationControllerFactory.swift in Sources */ = {isa = PBXBuildFile; fileRef = E9B9684F2235462200CFCBDC /* MainNavigationControllerFactory.swift */; };
		E9B968532235489700CFCBDC /* Team.swift in Sources */ = {isa = PBXBuildFile; fileRef = E9B968522235489700CFCBDC /* Team.swift */; };
		E9B968562235498100CFCBDC /* Team+Coding.swift in Sources */ = {isa = PBXBuildFile; fileRef = E9B968552235498100CFCBDC /* Team+Coding.swift */; };
		E9B9685822354A0900CFCBDC /* TeamService.swift in Sources */ = {isa = PBXBuildFile; fileRef = E9B9685722354A0900CFCBDC /* TeamService.swift */; };
		E9B9685C22354EAB00CFCBDC /* ApiUrls.swift in Sources */ = {isa = PBXBuildFile; fileRef = E9B9685B22354EAB00CFCBDC /* ApiUrls.swift */; };
		E9B9686322356FAF00CFCBDC /* LoadingViewController.swift in Sources */ = {isa = PBXBuildFile; fileRef = E9B9686222356FAF00CFCBDC /* LoadingViewController.swift */; };
		E9B968672235716000CFCBDC /* ViewController.swift in Sources */ = {isa = PBXBuildFile; fileRef = E9B968662235716000CFCBDC /* ViewController.swift */; };
		E9B9686E22357A5900CFCBDC /* TeamWebService.swift in Sources */ = {isa = PBXBuildFile; fileRef = E9B9686D22357A5900CFCBDC /* TeamWebService.swift */; };
		E9B968722235874500CFCBDC /* TeamCollectionViewCell.swift in Sources */ = {isa = PBXBuildFile; fileRef = E9B968702235874500CFCBDC /* TeamCollectionViewCell.swift */; };
		E9B968732235874500CFCBDC /* TeamCollectionViewCell.xib in Resources */ = {isa = PBXBuildFile; fileRef = E9B968712235874500CFCBDC /* TeamCollectionViewCell.xib */; };
		E9B9687722358E3800CFCBDC /* TeamLayout.swift in Sources */ = {isa = PBXBuildFile; fileRef = E9B9687622358E3800CFCBDC /* TeamLayout.swift */; };
		E9B9687922359CC600CFCBDC /* PlayedGamesFormatter.swift in Sources */ = {isa = PBXBuildFile; fileRef = E9B9687822359CC600CFCBDC /* PlayedGamesFormatter.swift */; };
/* End PBXBuildFile section */

/* Begin PBXFileReference section */
		15E39DA1AB475ECB7E0C9B07 /* Pods_Dota2Teams.framework */ = {isa = PBXFileReference; explicitFileType = wrapper.framework; includeInIndex = 0; path = Pods_Dota2Teams.framework; sourceTree = BUILT_PRODUCTS_DIR; };
		1E351A032ECF5D8FDC8D2677 /* Pods-Dota2Teams.debug.xcconfig */ = {isa = PBXFileReference; includeInIndex = 1; lastKnownFileType = text.xcconfig; name = "Pods-Dota2Teams.debug.xcconfig"; path = "Pods/Target Support Files/Pods-Dota2Teams/Pods-Dota2Teams.debug.xcconfig"; sourceTree = "<group>"; };
		BD6720D06BD0DA394541E722 /* Pods-Dota2Teams.release.xcconfig */ = {isa = PBXFileReference; includeInIndex = 1; lastKnownFileType = text.xcconfig; name = "Pods-Dota2Teams.release.xcconfig"; path = "Pods/Target Support Files/Pods-Dota2Teams/Pods-Dota2Teams.release.xcconfig"; sourceTree = "<group>"; };
		E93771102237F8520086D990 /* LoadingViewControllerFactory.swift */ = {isa = PBXFileReference; lastKnownFileType = sourcecode.swift; path = LoadingViewControllerFactory.swift; sourceTree = "<group>"; };
		E93771122237FB700086D990 /* ViewControllerFactory.swift */ = {isa = PBXFileReference; lastKnownFileType = sourcecode.swift; path = ViewControllerFactory.swift; sourceTree = "<group>"; };
		E93771152237FFF40086D990 /* LoggingService.swift */ = {isa = PBXFileReference; lastKnownFileType = sourcecode.swift; path = LoggingService.swift; sourceTree = "<group>"; };
		E93771172238002B0086D990 /* ConsoleLoggingService.swift */ = {isa = PBXFileReference; lastKnownFileType = sourcecode.swift; path = ConsoleLoggingService.swift; sourceTree = "<group>"; };
		E9464D3E22382C7B00A3F595 /* Players.storyboard */ = {isa = PBXFileReference; lastKnownFileType = file.storyboard; path = Players.storyboard; sourceTree = "<group>"; };
		E9464D4022382C9700A3F595 /* PlayersViewController.swift */ = {isa = PBXFileReference; lastKnownFileType = sourcecode.swift; path = PlayersViewController.swift; sourceTree = "<group>"; };
		E9464D4222382D3300A3F595 /* PlayersViewControllerFactory.swift */ = {isa = PBXFileReference; lastKnownFileType = sourcecode.swift; path = PlayersViewControllerFactory.swift; sourceTree = "<group>"; };
		E9464D4522382E2100A3F595 /* URL.swift */ = {isa = PBXFileReference; lastKnownFileType = sourcecode.swift; path = URL.swift; sourceTree = "<group>"; };
		E9464D4722382E8E00A3F595 /* Player.swift */ = {isa = PBXFileReference; lastKnownFileType = sourcecode.swift; path = Player.swift; sourceTree = "<group>"; };
		E9464D4922382EF200A3F595 /* Player+Coding.swift */ = {isa = PBXFileReference; lastKnownFileType = sourcecode.swift; path = "Player+Coding.swift"; sourceTree = "<group>"; };
		E9464D4C22382F8800A3F595 /* PlayerWebService.swift */ = {isa = PBXFileReference; lastKnownFileType = sourcecode.swift; path = PlayerWebService.swift; sourceTree = "<group>"; };
		E9464D4E2238302B00A3F595 /* PlayerService.swift */ = {isa = PBXFileReference; lastKnownFileType = sourcecode.swift; path = PlayerService.swift; sourceTree = "<group>"; };
		E957A001223B19730014EAC7 /* TeamPresenter.swift */ = {isa = PBXFileReference; lastKnownFileType = sourcecode.swift; path = TeamPresenter.swift; sourceTree = "<group>"; };
		E981D0E82235429E004F74F6 /* Dota2Teams.app */ = {isa = PBXFileReference; explicitFileType = wrapper.application; includeInIndex = 0; path = Dota2Teams.app; sourceTree = BUILT_PRODUCTS_DIR; };
		E981D0EB2235429E004F74F6 /* AppDelegate.swift */ = {isa = PBXFileReference; lastKnownFileType = sourcecode.swift; path = AppDelegate.swift; sourceTree = "<group>"; };
		E981D0F2223542A1004F74F6 /* App.xcassets */ = {isa = PBXFileReference; lastKnownFileType = folder.assetcatalog; path = App.xcassets; sourceTree = "<group>"; };
		E981D0F5223542A1004F74F6 /* Base */ = {isa = PBXFileReference; lastKnownFileType = file.storyboard; name = Base; path = Base.lproj/LaunchScreen.storyboard; sourceTree = "<group>"; };
		E981D0F7223542A1004F74F6 /* Info.plist */ = {isa = PBXFileReference; lastKnownFileType = text.plist.xml; path = Info.plist; sourceTree = "<group>"; };
		E9AB832F223D0F9F00953939 /* PlayerTableViewCell.swift */ = {isa = PBXFileReference; lastKnownFileType = sourcecode.swift; path = PlayerTableViewCell.swift; sourceTree = "<group>"; };
		E9AB8330223D0F9F00953939 /* PlayerTableViewCell.xib */ = {isa = PBXFileReference; lastKnownFileType = file.xib; path = PlayerTableViewCell.xib; sourceTree = "<group>"; };
		E9B9683D2235438000CFCBDC /* StoryboardViewControllerFactory.swift */ = {isa = PBXFileReference; lastKnownFileType = sourcecode.swift; path = StoryboardViewControllerFactory.swift; sourceTree = "<group>"; };
		E9B96841223543EB00CFCBDC /* TeamsViewController.swift */ = {isa = PBXFileReference; lastKnownFileType = sourcecode.swift; path = TeamsViewController.swift; sourceTree = "<group>"; };
		E9B968462235444C00CFCBDC /* Teams.storyboard */ = {isa = PBXFileReference; lastKnownFileType = file.storyboard; path = Teams.storyboard; sourceTree = "<group>"; };
		E9B968482235449500CFCBDC /* TeamsViewControllerFactory.swift */ = {isa = PBXFileReference; lastKnownFileType = sourcecode.swift; path = TeamsViewControllerFactory.swift; sourceTree = "<group>"; };
		E9B9684B2235459200CFCBDC /* MainNavigationController.swift */ = {isa = PBXFileReference; lastKnownFileType = sourcecode.swift; path = MainNavigationController.swift; sourceTree = "<group>"; };
		E9B9684D223545AA00CFCBDC /* Main.storyboard */ = {isa = PBXFileReference; lastKnownFileType = file.storyboard; path = Main.storyboard; sourceTree = "<group>"; };
		E9B9684F2235462200CFCBDC /* MainNavigationControllerFactory.swift */ = {isa = PBXFileReference; lastKnownFileType = sourcecode.swift; path = MainNavigationControllerFactory.swift; sourceTree = "<group>"; };
		E9B968522235489700CFCBDC /* Team.swift */ = {isa = PBXFileReference; lastKnownFileType = sourcecode.swift; path = Team.swift; sourceTree = "<group>"; };
		E9B968552235498100CFCBDC /* Team+Coding.swift */ = {isa = PBXFileReference; lastKnownFileType = sourcecode.swift; path = "Team+Coding.swift"; sourceTree = "<group>"; };
		E9B9685722354A0900CFCBDC /* TeamService.swift */ = {isa = PBXFileReference; lastKnownFileType = sourcecode.swift; path = TeamService.swift; sourceTree = "<group>"; };
		E9B9685B22354EAB00CFCBDC /* ApiUrls.swift */ = {isa = PBXFileReference; lastKnownFileType = sourcecode.swift; path = ApiUrls.swift; sourceTree = "<group>"; };
		E9B9686222356FAF00CFCBDC /* LoadingViewController.swift */ = {isa = PBXFileReference; lastKnownFileType = sourcecode.swift; path = LoadingViewController.swift; sourceTree = "<group>"; };
		E9B968662235716000CFCBDC /* ViewController.swift */ = {isa = PBXFileReference; lastKnownFileType = sourcecode.swift; path = ViewController.swift; sourceTree = "<group>"; };
		E9B9686D22357A5900CFCBDC /* TeamWebService.swift */ = {isa = PBXFileReference; lastKnownFileType = sourcecode.swift; path = TeamWebService.swift; sourceTree = "<group>"; };
		E9B968702235874500CFCBDC /* TeamCollectionViewCell.swift */ = {isa = PBXFileReference; lastKnownFileType = sourcecode.swift; path = TeamCollectionViewCell.swift; sourceTree = "<group>"; };
		E9B968712235874500CFCBDC /* TeamCollectionViewCell.xib */ = {isa = PBXFileReference; lastKnownFileType = file.xib; path = TeamCollectionViewCell.xib; sourceTree = "<group>"; };
		E9B9687622358E3800CFCBDC /* TeamLayout.swift */ = {isa = PBXFileReference; lastKnownFileType = sourcecode.swift; path = TeamLayout.swift; sourceTree = "<group>"; };
		E9B9687822359CC600CFCBDC /* PlayedGamesFormatter.swift */ = {isa = PBXFileReference; lastKnownFileType = sourcecode.swift; path = PlayedGamesFormatter.swift; sourceTree = "<group>"; };
/* End PBXFileReference section */

/* Begin PBXFrameworksBuildPhase section */
		E981D0E52235429E004F74F6 /* Frameworks */ = {
			isa = PBXFrameworksBuildPhase;
			buildActionMask = 2147483647;
			files = (
				B006AF64DAB64A8CEF35742B /* Pods_Dota2Teams.framework in Frameworks */,
			);
			runOnlyForDeploymentPostprocessing = 0;
		};
/* End PBXFrameworksBuildPhase section */

/* Begin PBXGroup section */
		0F17C8A73ACE24AFD70616D3 /* Frameworks */ = {
			isa = PBXGroup;
			children = (
				15E39DA1AB475ECB7E0C9B07 /* Pods_Dota2Teams.framework */,
			);
			name = Frameworks;
			sourceTree = "<group>";
		};
		D9DFECC7CBC5738EEFDB541C /* Pods */ = {
			isa = PBXGroup;
			children = (
				1E351A032ECF5D8FDC8D2677 /* Pods-Dota2Teams.debug.xcconfig */,
				BD6720D06BD0DA394541E722 /* Pods-Dota2Teams.release.xcconfig */,
			);
			name = Pods;
			sourceTree = "<group>";
		};
		E93771142237FFE00086D990 /* Logging */ = {
			isa = PBXGroup;
			children = (
				E93771152237FFF40086D990 /* LoggingService.swift */,
				E93771172238002B0086D990 /* ConsoleLoggingService.swift */,
			);
			path = Logging;
			sourceTree = "<group>";
		};
		E9464D3D22382C6200A3F595 /* Players */ = {
			isa = PBXGroup;
			children = (
				E9464D4022382C9700A3F595 /* PlayersViewController.swift */,
				E9AB832F223D0F9F00953939 /* PlayerTableViewCell.swift */,
				E9AB8330223D0F9F00953939 /* PlayerTableViewCell.xib */,
				E9464D3E22382C7B00A3F595 /* Players.storyboard */,
			);
			path = Players;
			sourceTree = "<group>";
		};
		E9464D4B22382F7200A3F595 /* Players */ = {
			isa = PBXGroup;
			children = (
				E9464D4E2238302B00A3F595 /* PlayerService.swift */,
				E9464D4C22382F8800A3F595 /* PlayerWebService.swift */,
			);
			path = Players;
			sourceTree = "<group>";
		};
		E981D0DF2235429E004F74F6 = {
			isa = PBXGroup;
			children = (
				E981D0EA2235429E004F74F6 /* Dota2Teams */,
				E981D0E92235429E004F74F6 /* Products */,
				0F17C8A73ACE24AFD70616D3 /* Frameworks */,
				D9DFECC7CBC5738EEFDB541C /* Pods */,
			);
			sourceTree = "<group>";
		};
		E981D0E92235429E004F74F6 /* Products */ = {
			isa = PBXGroup;
			children = (
				E981D0E82235429E004F74F6 /* Dota2Teams.app */,
			);
			name = Products;
			sourceTree = "<group>";
		};
		E981D0EA2235429E004F74F6 /* Dota2Teams */ = {
			isa = PBXGroup;
			children = (
				E9B968652235715500CFCBDC /* Foundation */,
				E9B968642235714800CFCBDC /* App */,
				E9B9686122356FA100CFCBDC /* Presentation */,
				E9B968542235497800CFCBDC /* Services */,
				E9B968512235488F00CFCBDC /* Entities */,
				E9B9683C2235437500CFCBDC /* Factories */,
				E9B9683F223543D300CFCBDC /* Modules */,
				E9B96868223571BE00CFCBDC /* Resources */,
			);
			path = Dota2Teams;
			sourceTree = "<group>";
		};
		E9B9683C2235437500CFCBDC /* Factories */ = {
			isa = PBXGroup;
			children = (
				E93771122237FB700086D990 /* ViewControllerFactory.swift */,
				E9B9683D2235438000CFCBDC /* StoryboardViewControllerFactory.swift */,
				E9B968482235449500CFCBDC /* TeamsViewControllerFactory.swift */,
				E9B9684F2235462200CFCBDC /* MainNavigationControllerFactory.swift */,
				E93771102237F8520086D990 /* LoadingViewControllerFactory.swift */,
				E9464D4222382D3300A3F595 /* PlayersViewControllerFactory.swift */,
			);
			path = Factories;
			sourceTree = "<group>";
		};
		E9B9683F223543D300CFCBDC /* Modules */ = {
			isa = PBXGroup;
			children = (
				E9B9684A2235456F00CFCBDC /* Main */,
				E9B96840223543DF00CFCBDC /* Teams */,
				E9464D3D22382C6200A3F595 /* Players */,
			);
			path = Modules;
			sourceTree = "<group>";
		};
		E9B96840223543DF00CFCBDC /* Teams */ = {
			isa = PBXGroup;
			children = (
				E957A001223B19730014EAC7 /* TeamPresenter.swift */,
				E9B9687622358E3800CFCBDC /* TeamLayout.swift */,
				E9B96841223543EB00CFCBDC /* TeamsViewController.swift */,
				E9B968462235444C00CFCBDC /* Teams.storyboard */,
				E9B968702235874500CFCBDC /* TeamCollectionViewCell.swift */,
				E9B968712235874500CFCBDC /* TeamCollectionViewCell.xib */,
			);
			path = Teams;
			sourceTree = "<group>";
		};
		E9B9684A2235456F00CFCBDC /* Main */ = {
			isa = PBXGroup;
			children = (
				E9B9684B2235459200CFCBDC /* MainNavigationController.swift */,
				E9B9684D223545AA00CFCBDC /* Main.storyboard */,
			);
			path = Main;
			sourceTree = "<group>";
		};
		E9B968512235488F00CFCBDC /* Entities */ = {
			isa = PBXGroup;
			children = (
				E9B968522235489700CFCBDC /* Team.swift */,
				E9464D4722382E8E00A3F595 /* Player.swift */,
			);
			path = Entities;
			sourceTree = "<group>";
		};
		E9B968542235497800CFCBDC /* Services */ = {
			isa = PBXGroup;
			children = (
				E93771142237FFE00086D990 /* Logging */,
				E9B9686F22357AA400CFCBDC /* Coding */,
				E9B9686B22357A3600CFCBDC /* Teams */,
				E9464D4B22382F7200A3F595 /* Players */,
				E9B9685B22354EAB00CFCBDC /* ApiUrls.swift */,
			);
			path = Services;
			sourceTree = "<group>";
		};
		E9B9686122356FA100CFCBDC /* Presentation */ = {
			isa = PBXGroup;
			children = (
				E9B9686222356FAF00CFCBDC /* LoadingViewController.swift */,
				E9B9687822359CC600CFCBDC /* PlayedGamesFormatter.swift */,
			);
			path = Presentation;
			sourceTree = "<group>";
		};
		E9B968642235714800CFCBDC /* App */ = {
			isa = PBXGroup;
			children = (
				E981D0EB2235429E004F74F6 /* AppDelegate.swift */,
			);
			path = App;
			sourceTree = "<group>";
		};
		E9B968652235715500CFCBDC /* Foundation */ = {
			isa = PBXGroup;
			children = (
				E9B968662235716000CFCBDC /* ViewController.swift */,
				E9464D4522382E2100A3F595 /* URL.swift */,
			);
			path = Foundation;
			sourceTree = "<group>";
		};
		E9B96868223571BE00CFCBDC /* Resources */ = {
			isa = PBXGroup;
			children = (
				E981D0F2223542A1004F74F6 /* App.xcassets */,
				E981D0F4223542A1004F74F6 /* LaunchScreen.storyboard */,
				E981D0F7223542A1004F74F6 /* Info.plist */,
			);
			path = Resources;
			sourceTree = "<group>";
		};
		E9B9686B22357A3600CFCBDC /* Teams */ = {
			isa = PBXGroup;
			children = (
				E9B9685722354A0900CFCBDC /* TeamService.swift */,
				E9B9686D22357A5900CFCBDC /* TeamWebService.swift */,
			);
			path = Teams;
			sourceTree = "<group>";
		};
		E9B9686F22357AA400CFCBDC /* Coding */ = {
			isa = PBXGroup;
			children = (
				E9B968552235498100CFCBDC /* Team+Coding.swift */,
				E9464D4922382EF200A3F595 /* Player+Coding.swift */,
			);
			path = Coding;
			sourceTree = "<group>";
		};
/* End PBXGroup section */

/* Begin PBXNativeTarget section */
		E981D0E72235429E004F74F6 /* Dota2Teams */ = {
			isa = PBXNativeTarget;
			buildConfigurationList = E981D0FA223542A1004F74F6 /* Build configuration list for PBXNativeTarget "Dota2Teams" */;
			buildPhases = (
				C36967C15F52BBDC2F16D405 /* [CP] Check Pods Manifest.lock */,
				E981D0E42235429E004F74F6 /* Sources */,
				E981D0E52235429E004F74F6 /* Frameworks */,
				E981D0E62235429E004F74F6 /* Resources */,
				DFB56943F35CFED2F90A220B /* [CP] Embed Pods Frameworks */,
			);
			buildRules = (
			);
			dependencies = (
			);
			name = Dota2Teams;
			productName = Dota2Teams;
			productReference = E981D0E82235429E004F74F6 /* Dota2Teams.app */;
			productType = "com.apple.product-type.application";
		};
/* End PBXNativeTarget section */

/* Begin PBXProject section */
		E981D0E02235429E004F74F6 /* Project object */ = {
			isa = PBXProject;
			attributes = {
				LastSwiftUpdateCheck = 1010;
				LastUpgradeCheck = 1010;
				ORGANIZATIONNAME = attom;
				TargetAttributes = {
					E981D0E72235429E004F74F6 = {
						CreatedOnToolsVersion = 10.1;
					};
				};
			};
			buildConfigurationList = E981D0E32235429E004F74F6 /* Build configuration list for PBXProject "Dota2Teams" */;
			compatibilityVersion = "Xcode 9.3";
			developmentRegion = en;
			hasScannedForEncodings = 0;
			knownRegions = (
				en,
				Base,
			);
			mainGroup = E981D0DF2235429E004F74F6;
			productRefGroup = E981D0E92235429E004F74F6 /* Products */;
			projectDirPath = "";
			projectRoot = "";
			targets = (
				E981D0E72235429E004F74F6 /* Dota2Teams */,
			);
		};
/* End PBXProject section */

/* Begin PBXResourcesBuildPhase section */
		E981D0E62235429E004F74F6 /* Resources */ = {
			isa = PBXResourcesBuildPhase;
			buildActionMask = 2147483647;
			files = (
				E9B968472235444C00CFCBDC /* Teams.storyboard in Resources */,
				E981D0F6223542A1004F74F6 /* LaunchScreen.storyboard in Resources */,
				E981D0F3223542A1004F74F6 /* App.xcassets in Resources */,
				E9B968732235874500CFCBDC /* TeamCollectionViewCell.xib in Resources */,
				E9B9684E223545AA00CFCBDC /* Main.storyboard in Resources */,
				E9464D3F22382C7B00A3F595 /* Players.storyboard in Resources */,
				E9AB8332223D0F9F00953939 /* PlayerTableViewCell.xib in Resources */,
			);
			runOnlyForDeploymentPostprocessing = 0;
		};
/* End PBXResourcesBuildPhase section */

/* Begin PBXShellScriptBuildPhase section */
		C36967C15F52BBDC2F16D405 /* [CP] Check Pods Manifest.lock */ = {
			isa = PBXShellScriptBuildPhase;
			buildActionMask = 2147483647;
			files = (
			);
			inputPaths = (
				"${PODS_PODFILE_DIR_PATH}/Podfile.lock",
				"${PODS_ROOT}/Manifest.lock",
			);
			name = "[CP] Check Pods Manifest.lock";
			outputPaths = (
				"$(DERIVED_FILE_DIR)/Pods-Dota2Teams-checkManifestLockResult.txt",
			);
			runOnlyForDeploymentPostprocessing = 0;
			shellPath = /bin/sh;
			shellScript = "diff \"${PODS_PODFILE_DIR_PATH}/Podfile.lock\" \"${PODS_ROOT}/Manifest.lock\" > /dev/null\nif [ $? != 0 ] ; then\n    # print error to STDERR\n    echo \"error: The sandbox is not in sync with the Podfile.lock. Run 'pod install' or update your CocoaPods installation.\" >&2\n    exit 1\nfi\n# This output is used by Xcode 'outputs' to avoid re-running this script phase.\necho \"SUCCESS\" > \"${SCRIPT_OUTPUT_FILE_0}\"\n";
			showEnvVarsInLog = 0;
		};
		DFB56943F35CFED2F90A220B /* [CP] Embed Pods Frameworks */ = {
			isa = PBXShellScriptBuildPhase;
			buildActionMask = 2147483647;
			files = (
			);
			inputPaths = (
				"${SRCROOT}/Pods/Target Support Files/Pods-Dota2Teams/Pods-Dota2Teams-frameworks.sh",
				"${BUILT_PRODUCTS_DIR}/Alamofire/Alamofire.framework",
				"${BUILT_PRODUCTS_DIR}/CodableAlamofire/CodableAlamofire.framework",
			);
			name = "[CP] Embed Pods Frameworks";
			outputPaths = (
				"${TARGET_BUILD_DIR}/${FRAMEWORKS_FOLDER_PATH}/Alamofire.framework",
				"${TARGET_BUILD_DIR}/${FRAMEWORKS_FOLDER_PATH}/CodableAlamofire.framework",
			);
			runOnlyForDeploymentPostprocessing = 0;
			shellPath = /bin/sh;
			shellScript = "\"${SRCROOT}/Pods/Target Support Files/Pods-Dota2Teams/Pods-Dota2Teams-frameworks.sh\"\n";
			showEnvVarsInLog = 0;
		};
/* End PBXShellScriptBuildPhase section */

/* Begin PBXSourcesBuildPhase section */
		E981D0E42235429E004F74F6 /* Sources */ = {
			isa = PBXSourcesBuildPhase;
			buildActionMask = 2147483647;
			files = (
				E9B9684C2235459200CFCBDC /* MainNavigationController.swift in Sources */,
				E957A002223B19730014EAC7 /* TeamPresenter.swift in Sources */,
				E9B968492235449500CFCBDC /* TeamsViewControllerFactory.swift in Sources */,
				E9B968532235489700CFCBDC /* Team.swift in Sources */,
				E93771132237FB700086D990 /* ViewControllerFactory.swift in Sources */,
				E9464D4822382E8E00A3F595 /* Player.swift in Sources */,
				E93771162237FFF40086D990 /* LoggingService.swift in Sources */,
				E93771112237F8520086D990 /* LoadingViewControllerFactory.swift in Sources */,
				E9B968562235498100CFCBDC /* Team+Coding.swift in Sources */,
				E9B9683E2235438000CFCBDC /* StoryboardViewControllerFactory.swift in Sources */,
				E9464D4122382C9700A3F595 /* PlayersViewController.swift in Sources */,
				E9AB8331223D0F9F00953939 /* PlayerTableViewCell.swift in Sources */,
				E93771182238002B0086D990 /* ConsoleLoggingService.swift in Sources */,
				E9464D4622382E2100A3F595 /* URL.swift in Sources */,
				E9B9687922359CC600CFCBDC /* PlayedGamesFormatter.swift in Sources */,
				E9B9686E22357A5900CFCBDC /* TeamWebService.swift in Sources */,
				E9B9687722358E3800CFCBDC /* TeamLayout.swift in Sources */,
				E9464D4F2238302B00A3F595 /* PlayerService.swift in Sources */,
				E9B9685C22354EAB00CFCBDC /* ApiUrls.swift in Sources */,
				E9464D4322382D3300A3F595 /* PlayersViewControllerFactory.swift in Sources */,
				E9464D4A22382EF200A3F595 /* Player+Coding.swift in Sources */,
				E9B96842223543EB00CFCBDC /* TeamsViewController.swift in Sources */,
				E9B9686322356FAF00CFCBDC /* LoadingViewController.swift in Sources */,
				E9B968672235716000CFCBDC /* ViewController.swift in Sources */,
				E981D0EC2235429E004F74F6 /* AppDelegate.swift in Sources */,
				E9B9685822354A0900CFCBDC /* TeamService.swift in Sources */,
				E9B968502235462200CFCBDC /* MainNavigationControllerFactory.swift in Sources */,
				E9B968722235874500CFCBDC /* TeamCollectionViewCell.swift in Sources */,
				E9464D4D22382F8800A3F595 /* PlayerWebService.swift in Sources */,
			);
			runOnlyForDeploymentPostprocessing = 0;
		};
/* End PBXSourcesBuildPhase section */

/* Begin PBXVariantGroup section */
		E981D0F4223542A1004F74F6 /* LaunchScreen.storyboard */ = {
			isa = PBXVariantGroup;
			children = (
				E981D0F5223542A1004F74F6 /* Base */,
			);
			name = LaunchScreen.storyboard;
			sourceTree = "<group>";
		};
/* End PBXVariantGroup section */

/* Begin XCBuildConfiguration section */
		E981D0F8223542A1004F74F6 /* Debug */ = {
			isa = XCBuildConfiguration;
			buildSettings = {
				ALWAYS_SEARCH_USER_PATHS = NO;
				CLANG_ANALYZER_NONNULL = YES;
				CLANG_ANALYZER_NUMBER_OBJECT_CONVERSION = YES_AGGRESSIVE;
				CLANG_CXX_LANGUAGE_STANDARD = "gnu++14";
				CLANG_CXX_LIBRARY = "libc++";
				CLANG_ENABLE_MODULES = YES;
				CLANG_ENABLE_OBJC_ARC = YES;
				CLANG_ENABLE_OBJC_WEAK = YES;
				CLANG_WARN_BLOCK_CAPTURE_AUTORELEASING = YES;
				CLANG_WARN_BOOL_CONVERSION = YES;
				CLANG_WARN_COMMA = YES;
				CLANG_WARN_CONSTANT_CONVERSION = YES;
				CLANG_WARN_DEPRECATED_OBJC_IMPLEMENTATIONS = YES;
				CLANG_WARN_DIRECT_OBJC_ISA_USAGE = YES_ERROR;
				CLANG_WARN_DOCUMENTATION_COMMENTS = YES;
				CLANG_WARN_EMPTY_BODY = YES;
				CLANG_WARN_ENUM_CONVERSION = YES;
				CLANG_WARN_INFINITE_RECURSION = YES;
				CLANG_WARN_INT_CONVERSION = YES;
				CLANG_WARN_NON_LITERAL_NULL_CONVERSION = YES;
				CLANG_WARN_OBJC_IMPLICIT_RETAIN_SELF = YES;
				CLANG_WARN_OBJC_LITERAL_CONVERSION = YES;
				CLANG_WARN_OBJC_ROOT_CLASS = YES_ERROR;
				CLANG_WARN_RANGE_LOOP_ANALYSIS = YES;
				CLANG_WARN_STRICT_PROTOTYPES = YES;
				CLANG_WARN_SUSPICIOUS_MOVE = YES;
				CLANG_WARN_UNGUARDED_AVAILABILITY = YES_AGGRESSIVE;
				CLANG_WARN_UNREACHABLE_CODE = YES;
				CLANG_WARN__DUPLICATE_METHOD_MATCH = YES;
				CODE_SIGN_IDENTITY = "iPhone Developer";
				COPY_PHASE_STRIP = NO;
				DEBUG_INFORMATION_FORMAT = dwarf;
				ENABLE_STRICT_OBJC_MSGSEND = YES;
				ENABLE_TESTABILITY = YES;
				GCC_C_LANGUAGE_STANDARD = gnu11;
				GCC_DYNAMIC_NO_PIC = NO;
				GCC_NO_COMMON_BLOCKS = YES;
				GCC_OPTIMIZATION_LEVEL = 0;
				GCC_PREPROCESSOR_DEFINITIONS = (
					"DEBUG=1",
					"$(inherited)",
				);
				GCC_WARN_64_TO_32_BIT_CONVERSION = YES;
				GCC_WARN_ABOUT_RETURN_TYPE = YES_ERROR;
				GCC_WARN_UNDECLARED_SELECTOR = YES;
				GCC_WARN_UNINITIALIZED_AUTOS = YES_AGGRESSIVE;
				GCC_WARN_UNUSED_FUNCTION = YES;
				GCC_WARN_UNUSED_VARIABLE = YES;
				IPHONEOS_DEPLOYMENT_TARGET = 12.1;
				MTL_ENABLE_DEBUG_INFO = INCLUDE_SOURCE;
				MTL_FAST_MATH = YES;
				ONLY_ACTIVE_ARCH = YES;
				SDKROOT = iphoneos;
				SWIFT_ACTIVE_COMPILATION_CONDITIONS = DEBUG;
				SWIFT_OPTIMIZATION_LEVEL = "-Onone";
			};
			name = Debug;
		};
		E981D0F9223542A1004F74F6 /* Release */ = {
			isa = XCBuildConfiguration;
			buildSettings = {
				ALWAYS_SEARCH_USER_PATHS = NO;
				CLANG_ANALYZER_NONNULL = YES;
				CLANG_ANALYZER_NUMBER_OBJECT_CONVERSION = YES_AGGRESSIVE;
				CLANG_CXX_LANGUAGE_STANDARD = "gnu++14";
				CLANG_CXX_LIBRARY = "libc++";
				CLANG_ENABLE_MODULES = YES;
				CLANG_ENABLE_OBJC_ARC = YES;
				CLANG_ENABLE_OBJC_WEAK = YES;
				CLANG_WARN_BLOCK_CAPTURE_AUTORELEASING = YES;
				CLANG_WARN_BOOL_CONVERSION = YES;
				CLANG_WARN_COMMA = YES;
				CLANG_WARN_CONSTANT_CONVERSION = YES;
				CLANG_WARN_DEPRECATED_OBJC_IMPLEMENTATIONS = YES;
				CLANG_WARN_DIRECT_OBJC_ISA_USAGE = YES_ERROR;
				CLANG_WARN_DOCUMENTATION_COMMENTS = YES;
				CLANG_WARN_EMPTY_BODY = YES;
				CLANG_WARN_ENUM_CONVERSION = YES;
				CLANG_WARN_INFINITE_RECURSION = YES;
				CLANG_WARN_INT_CONVERSION = YES;
				CLANG_WARN_NON_LITERAL_NULL_CONVERSION = YES;
				CLANG_WARN_OBJC_IMPLICIT_RETAIN_SELF = YES;
				CLANG_WARN_OBJC_LITERAL_CONVERSION = YES;
				CLANG_WARN_OBJC_ROOT_CLASS = YES_ERROR;
				CLANG_WARN_RANGE_LOOP_ANALYSIS = YES;
				CLANG_WARN_STRICT_PROTOTYPES = YES;
				CLANG_WARN_SUSPICIOUS_MOVE = YES;
				CLANG_WARN_UNGUARDED_AVAILABILITY = YES_AGGRESSIVE;
				CLANG_WARN_UNREACHABLE_CODE = YES;
				CLANG_WARN__DUPLICATE_METHOD_MATCH = YES;
				CODE_SIGN_IDENTITY = "iPhone Developer";
				COPY_PHASE_STRIP = NO;
				DEBUG_INFORMATION_FORMAT = "dwarf-with-dsym";
				ENABLE_NS_ASSERTIONS = NO;
				ENABLE_STRICT_OBJC_MSGSEND = YES;
				GCC_C_LANGUAGE_STANDARD = gnu11;
				GCC_NO_COMMON_BLOCKS = YES;
				GCC_WARN_64_TO_32_BIT_CONVERSION = YES;
				GCC_WARN_ABOUT_RETURN_TYPE = YES_ERROR;
				GCC_WARN_UNDECLARED_SELECTOR = YES;
				GCC_WARN_UNINITIALIZED_AUTOS = YES_AGGRESSIVE;
				GCC_WARN_UNUSED_FUNCTION = YES;
				GCC_WARN_UNUSED_VARIABLE = YES;
				IPHONEOS_DEPLOYMENT_TARGET = 12.1;
				MTL_ENABLE_DEBUG_INFO = NO;
				MTL_FAST_MATH = YES;
				SDKROOT = iphoneos;
				SWIFT_COMPILATION_MODE = wholemodule;
				SWIFT_OPTIMIZATION_LEVEL = "-O";
				VALIDATE_PRODUCT = YES;
			};
			name = Release;
		};
		E981D0FB223542A1004F74F6 /* Debug */ = {
			isa = XCBuildConfiguration;
			baseConfigurationReference = 1E351A032ECF5D8FDC8D2677 /* Pods-Dota2Teams.debug.xcconfig */;
			buildSettings = {
				ASSETCATALOG_COMPILER_APPICON_NAME = AppIcon;
				CODE_SIGN_STYLE = Automatic;
				DEVELOPMENT_TEAM = 55776BLM7G;
				INFOPLIST_FILE = "$(SRCROOT)/Dota2Teams/Resources/Info.plist";
				IPHONEOS_DEPLOYMENT_TARGET = 12;
				LD_RUNPATH_SEARCH_PATHS = (
					"$(inherited)",
					"@executable_path/Frameworks",
				);
				PRODUCT_BUNDLE_IDENTIFIER = C.Dota2Teams;
				PRODUCT_NAME = "$(TARGET_NAME)";
				SWIFT_VERSION = 4.2;
				TARGETED_DEVICE_FAMILY = 1;
			};
			name = Debug;
		};
		E981D0FC223542A1004F74F6 /* Release */ = {
			isa = XCBuildConfiguration;
			baseConfigurationReference = BD6720D06BD0DA394541E722 /* Pods-Dota2Teams.release.xcconfig */;
			buildSettings = {
				ASSETCATALOG_COMPILER_APPICON_NAME = AppIcon;
				CODE_SIGN_STYLE = Automatic;
				DEVELOPMENT_TEAM = 55776BLM7G;
				INFOPLIST_FILE = "$(SRCROOT)/Dota2Teams/Resources/Info.plist";
				IPHONEOS_DEPLOYMENT_TARGET = 12;
				LD_RUNPATH_SEARCH_PATHS = (
					"$(inherited)",
					"@executable_path/Frameworks",
				);
				PRODUCT_BUNDLE_IDENTIFIER = C.Dota2Teams;
				PRODUCT_NAME = "$(TARGET_NAME)";
				SWIFT_VERSION = 4.2;
				TARGETED_DEVICE_FAMILY = 1;
			};
			name = Release;
		};
/* End XCBuildConfiguration section */

/* Begin XCConfigurationList section */
		E981D0E32235429E004F74F6 /* Build configuration list for PBXProject "Dota2Teams" */ = {
			isa = XCConfigurationList;
			buildConfigurations = (
				E981D0F8223542A1004F74F6 /* Debug */,
				E981D0F9223542A1004F74F6 /* Release */,
			);
			defaultConfigurationIsVisible = 0;
			defaultConfigurationName = Release;
		};
		E981D0FA223542A1004F74F6 /* Build configuration list for PBXNativeTarget "Dota2Teams" */ = {
			isa = XCConfigurationList;
			buildConfigurations = (
				E981D0FB223542A1004F74F6 /* Debug */,
				E981D0FC223542A1004F74F6 /* Release */,
			);
			defaultConfigurationIsVisible = 0;
			defaultConfigurationName = Release;
		};
/* End XCConfigurationList section */
	};
	rootObject = E981D0E02235429E004F74F6 /* Project object */;
}
